
Microsoft Visual Studio Solution File, Format Version 12.00
# Visual Studio Version 17
VisualStudioVersion = 17.5.002.0
MinimumVisualStudioVersion = 10.0.40219.1
Project("{9A19103F-16F7-4668-BE54-9A1E7A4F7556}") = "LojaVirtualAPI", "LojaVirtualAPI.csproj", "{C3457EBF-EF69-48E5-9336-AB4721606D97}"
EndProject
Global
	GlobalSection(SolutionConfigurationPlatforms) = preSolution
		Debug|Any CPU = Debug|Any CPU
		Release|Any CPU = Release|Any CPU
	EndGlobalSection
	GlobalSection(ProjectConfigurationPlatforms) = postSolution
		{C3457EBF-EF69-48E5-9336-AB4721606D97}.Debug|Any CPU.ActiveCfg = Debug|Any CPU
		{C3457EBF-EF69-48E5-9336-AB4721606D97}.Debug|Any CPU.Build.0 = Debug|Any CPU
		{C3457EBF-EF69-48E5-9336-AB4721606D97}.Release|Any CPU.ActiveCfg = Release|Any CPU
		{C3457EBF-EF69-48E5-9336-AB4721606D97}.Release|Any CPU.Build.0 = Release|Any CPU
	EndGlobalSection
	GlobalSection(SolutionProperties) = preSolution
		HideSolutionNode = FALSE
	EndGlobalSection
	GlobalSection(ExtensibilityGlobals) = postSolution
		SolutionGuid = {F1691A57-C4DA-4163-A8CC-3B2FF71F09C3}
	EndGlobalSection
EndGlobal
